// !$*UTF8*$!
{
	archiveVersion = 1;
	classes = {
	};
	objectVersion = 46;
	objects = {

/* Begin PBXBuildFile section */
		0AC098A70D83282B82D022CC /* Pods_defaults_XYSwiftExercisePro.framework in Frameworks */ = {isa = PBXBuildFile; fileRef = 8883A113E98CE2CAA3D43177 /* Pods_defaults_XYSwiftExercisePro.framework */; };
		2B4BFA4B1F05ED95008D9A99 /* AppDelegate.swift in Sources */ = {isa = PBXBuildFile; fileRef = 2B4BFA4A1F05ED95008D9A99 /* AppDelegate.swift */; };
		2B4BFA4D1F05ED95008D9A99 /* ViewController.swift in Sources */ = {isa = PBXBuildFile; fileRef = 2B4BFA4C1F05ED95008D9A99 /* ViewController.swift */; };
		2B4BFA501F05ED95008D9A99 /* Main.storyboard in Resources */ = {isa = PBXBuildFile; fileRef = 2B4BFA4E1F05ED95008D9A99 /* Main.storyboard */; };
		2B4BFA521F05ED95008D9A99 /* Assets.xcassets in Resources */ = {isa = PBXBuildFile; fileRef = 2B4BFA511F05ED95008D9A99 /* Assets.xcassets */; };
		2B4BFA551F05ED95008D9A99 /* LaunchScreen.storyboard in Resources */ = {isa = PBXBuildFile; fileRef = 2B4BFA531F05ED95008D9A99 /* LaunchScreen.storyboard */; };
		2B4BFA601F05ED95008D9A99 /* XYSwiftExerciseProTests.swift in Sources */ = {isa = PBXBuildFile; fileRef = 2B4BFA5F1F05ED95008D9A99 /* XYSwiftExerciseProTests.swift */; };
		2B4BFA6B1F05ED95008D9A99 /* XYSwiftExerciseProUITests.swift in Sources */ = {isa = PBXBuildFile; fileRef = 2B4BFA6A1F05ED95008D9A99 /* XYSwiftExerciseProUITests.swift */; };
		2B4BFA921F05EF4A008D9A99 /* Basic.swift in Sources */ = {isa = PBXBuildFile; fileRef = 2B4BFA911F05EF4A008D9A99 /* Basic.swift */; };
		2B4BFA941F05FD36008D9A99 /* BasicOperator.swift in Sources */ = {isa = PBXBuildFile; fileRef = 2B4BFA931F05FD36008D9A99 /* BasicOperator.swift */; };
		2B61C8D81F0A180E00D9E7B9 /* Classes.swift in Sources */ = {isa = PBXBuildFile; fileRef = 2B61C8D71F0A180E00D9E7B9 /* Classes.swift */; };
		2B61C8DA1F0A1BFB00D9E7B9 /* Properties.swift in Sources */ = {isa = PBXBuildFile; fileRef = 2B61C8D91F0A1BFB00D9E7B9 /* Properties.swift */; };
		2B61C8DC1F0A2BC100D9E7B9 /* Methodes.swift in Sources */ = {isa = PBXBuildFile; fileRef = 2B61C8DB1F0A2BC100D9E7B9 /* Methodes.swift */; };
		2B61C8DE1F0B266400D9E7B9 /* Subscripts.swift in Sources */ = {isa = PBXBuildFile; fileRef = 2B61C8DD1F0B266400D9E7B9 /* Subscripts.swift */; };
		2B61C8E01F0B279D00D9E7B9 /* Inheritances.swift in Sources */ = {isa = PBXBuildFile; fileRef = 2B61C8DF1F0B279D00D9E7B9 /* Inheritances.swift */; };
		2B61C8E21F0B313D00D9E7B9 /* Inits.swift in Sources */ = {isa = PBXBuildFile; fileRef = 2B61C8E11F0B313D00D9E7B9 /* Inits.swift */; };
		2B6BD59E1F0B436D002FC2B3 /* DeInits.swift in Sources */ = {isa = PBXBuildFile; fileRef = 2B6BD59D1F0B436D002FC2B3 /* DeInits.swift */; };
		2B6BD5A51F0B7BBD002FC2B3 /* VFL.swift in Sources */ = {isa = PBXBuildFile; fileRef = 2B6BD5A41F0B7BBD002FC2B3 /* VFL.swift */; };
		2B8DBB721F0CF26B008E3A87 /* SwifterSwift.swift in Sources */ = {isa = PBXBuildFile; fileRef = 2B8DBB711F0CF26B008E3A87 /* SwifterSwift.swift */; };
		2B8DBB741F0CF279008E3A87 /* DynamicColor.swift in Sources */ = {isa = PBXBuildFile; fileRef = 2B8DBB731F0CF279008E3A87 /* DynamicColor.swift */; };
		2B8DBB761F0CF284008E3A87 /* PKHUD.swift in Sources */ = {isa = PBXBuildFile; fileRef = 2B8DBB751F0CF284008E3A87 /* PKHUD.swift */; };
		2B8DBB781F0CF28D008E3A87 /* Kanna.swift in Sources */ = {isa = PBXBuildFile; fileRef = 2B8DBB771F0CF28D008E3A87 /* Kanna.swift */; };
		2B8DBB7A1F0CF297008E3A87 /* PermissionScope.swift in Sources */ = {isa = PBXBuildFile; fileRef = 2B8DBB791F0CF297008E3A87 /* PermissionScope.swift */; };
		2B8DBB7C1F0E0745008E3A87 /* Embed.swift in Sources */ = {isa = PBXBuildFile; fileRef = 2B8DBB7B1F0E0745008E3A87 /* Embed.swift */; };
		2B8DBB7E1F0E0C3F008E3A87 /* Extensions.swift in Sources */ = {isa = PBXBuildFile; fileRef = 2B8DBB7D1F0E0C3F008E3A87 /* Extensions.swift */; };
		2B8DBB801F0E0E17008E3A87 /* Protocols.swift in Sources */ = {isa = PBXBuildFile; fileRef = 2B8DBB7F1F0E0E17008E3A87 /* Protocols.swift */; };
		2B8DBB821F0E1DE7008E3A87 /* Templates.swift in Sources */ = {isa = PBXBuildFile; fileRef = 2B8DBB811F0E1DE7008E3A87 /* Templates.swift */; };
		2B8DBB841F0E21BE008E3A87 /* AccessControl.swift in Sources */ = {isa = PBXBuildFile; fileRef = 2B8DBB831F0E21BE008E3A87 /* AccessControl.swift */; };
		2B8DBB871F0E2A7E008E3A87 /* ModuleSystemOfSwift.swift in Sources */ = {isa = PBXBuildFile; fileRef = 2B8DBB861F0E2A7E008E3A87 /* ModuleSystemOfSwift.swift */; };
		2B8DBB8A1F0E386C008E3A87 /* ObjectOrientProtocol.swift in Sources */ = {isa = PBXBuildFile; fileRef = 2B8DBB891F0E386C008E3A87 /* ObjectOrientProtocol.swift */; };
		2B8DBB8C1F0E3BA4008E3A87 /* AnotherViewController.swift in Sources */ = {isa = PBXBuildFile; fileRef = 2B8DBB8B1F0E3BA4008E3A87 /* AnotherViewController.swift */; };
		2B8DBB8E1F0E41CA008E3A87 /* OOPOnevCatDemo.swift in Sources */ = {isa = PBXBuildFile; fileRef = 2B8DBB8D1F0E41CA008E3A87 /* OOPOnevCatDemo.swift */; };
		2B8DBB901F0F2EB3008E3A87 /* SnapKit.swift in Sources */ = {isa = PBXBuildFile; fileRef = 2B8DBB8F1F0F2EB3008E3A87 /* SnapKit.swift */; };
		2BAA30A11F064D2F007E1AFC /* Enums.swift in Sources */ = {isa = PBXBuildFile; fileRef = 2BAA30A01F064D2F007E1AFC /* Enums.swift */; };
		2BAA30A31F09C8E2007E1AFC /* Characters.swift in Sources */ = {isa = PBXBuildFile; fileRef = 2BAA30A21F09C8E2007E1AFC /* Characters.swift */; };
		2BAA30A51F09C8E8007E1AFC /* Arrays.swift in Sources */ = {isa = PBXBuildFile; fileRef = 2BAA30A41F09C8E8007E1AFC /* Arrays.swift */; };
		2BAA30A71F09C8ED007E1AFC /* Controls.swift in Sources */ = {isa = PBXBuildFile; fileRef = 2BAA30A61F09C8ED007E1AFC /* Controls.swift */; };
		2BAA30A91F09C8F3007E1AFC /* Funcs.swift in Sources */ = {isa = PBXBuildFile; fileRef = 2BAA30A81F09C8F3007E1AFC /* Funcs.swift */; };
		2BAA30AB1F09C8F7007E1AFC /* Closures.swift in Sources */ = {isa = PBXBuildFile; fileRef = 2BAA30AA1F09C8F7007E1AFC /* Closures.swift */; };
		2BC4AEF01F09F163004FF963 /* FunctionalProgramming.swift in Sources */ = {isa = PBXBuildFile; fileRef = 2BC4AEEF1F09F163004FF963 /* FunctionalProgramming.swift */; };
		AD04666B1F0911C300BF4B93 /* ProtocolOrientedProgramming.swift in Sources */ = {isa = PBXBuildFile; fileRef = AD04666A1F0911C300BF4B93 /* ProtocolOrientedProgramming.swift */; };
		ADB2F71C1F0DC6D500E72729 /* Arc.swift in Sources */ = {isa = PBXBuildFile; fileRef = ADB2F71B1F0DC6D500E72729 /* Arc.swift */; };
		ADB2F71E1F0DD72F00E72729 /* OptionLink.swift in Sources */ = {isa = PBXBuildFile; fileRef = ADB2F71D1F0DD72F00E72729 /* OptionLink.swift */; };
		ADB2F7201F0DDB7400E72729 /* Errors.swift in Sources */ = {isa = PBXBuildFile; fileRef = ADB2F71F1F0DDB7400E72729 /* Errors.swift */; };
		ADB2F7221F0DE97200E72729 /* TypeConvert.swift in Sources */ = {isa = PBXBuildFile; fileRef = ADB2F7211F0DE97200E72729 /* TypeConvert.swift */; };
/* End PBXBuildFile section */

/* Begin PBXContainerItemProxy section */
		2B4BFA5C1F05ED95008D9A99 /* PBXContainerItemProxy */ = {
			isa = PBXContainerItemProxy;
			containerPortal = 2B4BFA3F1F05ED95008D9A99 /* Project object */;
			proxyType = 1;
			remoteGlobalIDString = 2B4BFA461F05ED95008D9A99;
			remoteInfo = XYSwiftExercisePro;
		};
		2B4BFA671F05ED95008D9A99 /* PBXContainerItemProxy */ = {
			isa = PBXContainerItemProxy;
			containerPortal = 2B4BFA3F1F05ED95008D9A99 /* Project object */;
			proxyType = 1;
			remoteGlobalIDString = 2B4BFA461F05ED95008D9A99;
			remoteInfo = XYSwiftExercisePro;
		};
/* End PBXContainerItemProxy section */

/* Begin PBXFileReference section */
		09F6DDCDE45CBCC81D2894EC /* Pods-defaults-XYSwiftExercisePro.release.xcconfig */ = {isa = PBXFileReference; includeInIndex = 1; lastKnownFileType = text.xcconfig; name = "Pods-defaults-XYSwiftExercisePro.release.xcconfig"; path = "Pods/Target Support Files/Pods-defaults-XYSwiftExercisePro/Pods-defaults-XYSwiftExercisePro.release.xcconfig"; sourceTree = "<group>"; };
		2B4BFA471F05ED95008D9A99 /* XYSwiftExercisePro.app */ = {isa = PBXFileReference; explicitFileType = wrapper.application; includeInIndex = 0; path = XYSwiftExercisePro.app; sourceTree = BUILT_PRODUCTS_DIR; };
		2B4BFA4A1F05ED95008D9A99 /* AppDelegate.swift */ = {isa = PBXFileReference; lastKnownFileType = sourcecode.swift; path = AppDelegate.swift; sourceTree = "<group>"; };
		2B4BFA4C1F05ED95008D9A99 /* ViewController.swift */ = {isa = PBXFileReference; lastKnownFileType = sourcecode.swift; path = ViewController.swift; sourceTree = "<group>"; };
		2B4BFA4F1F05ED95008D9A99 /* Base */ = {isa = PBXFileReference; lastKnownFileType = file.storyboard; name = Base; path = Base.lproj/Main.storyboard; sourceTree = "<group>"; };
		2B4BFA511F05ED95008D9A99 /* Assets.xcassets */ = {isa = PBXFileReference; lastKnownFileType = folder.assetcatalog; path = Assets.xcassets; sourceTree = "<group>"; };
		2B4BFA541F05ED95008D9A99 /* Base */ = {isa = PBXFileReference; lastKnownFileType = file.storyboard; name = Base; path = Base.lproj/LaunchScreen.storyboard; sourceTree = "<group>"; };
		2B4BFA561F05ED95008D9A99 /* Info.plist */ = {isa = PBXFileReference; lastKnownFileType = text.plist.xml; path = Info.plist; sourceTree = "<group>"; };
		2B4BFA5B1F05ED95008D9A99 /* XYSwiftExerciseProTests.xctest */ = {isa = PBXFileReference; explicitFileType = wrapper.cfbundle; includeInIndex = 0; path = XYSwiftExerciseProTests.xctest; sourceTree = BUILT_PRODUCTS_DIR; };
		2B4BFA5F1F05ED95008D9A99 /* XYSwiftExerciseProTests.swift */ = {isa = PBXFileReference; lastKnownFileType = sourcecode.swift; path = XYSwiftExerciseProTests.swift; sourceTree = "<group>"; };
		2B4BFA611F05ED95008D9A99 /* Info.plist */ = {isa = PBXFileReference; lastKnownFileType = text.plist.xml; path = Info.plist; sourceTree = "<group>"; };
		2B4BFA661F05ED95008D9A99 /* XYSwiftExerciseProUITests.xctest */ = {isa = PBXFileReference; explicitFileType = wrapper.cfbundle; includeInIndex = 0; path = XYSwiftExerciseProUITests.xctest; sourceTree = BUILT_PRODUCTS_DIR; };
		2B4BFA6A1F05ED95008D9A99 /* XYSwiftExerciseProUITests.swift */ = {isa = PBXFileReference; lastKnownFileType = sourcecode.swift; path = XYSwiftExerciseProUITests.swift; sourceTree = "<group>"; };
		2B4BFA6C1F05ED95008D9A99 /* Info.plist */ = {isa = PBXFileReference; lastKnownFileType = text.plist.xml; path = Info.plist; sourceTree = "<group>"; };
		2B4BFA911F05EF4A008D9A99 /* Basic.swift */ = {isa = PBXFileReference; fileEncoding = 4; lastKnownFileType = sourcecode.swift; path = Basic.swift; sourceTree = "<group>"; };
		2B4BFA931F05FD36008D9A99 /* BasicOperator.swift */ = {isa = PBXFileReference; fileEncoding = 4; lastKnownFileType = sourcecode.swift; path = BasicOperator.swift; sourceTree = "<group>"; };
		2B61C8D71F0A180E00D9E7B9 /* Classes.swift */ = {isa = PBXFileReference; fileEncoding = 4; lastKnownFileType = sourcecode.swift; path = Classes.swift; sourceTree = "<group>"; };
		2B61C8D91F0A1BFB00D9E7B9 /* Properties.swift */ = {isa = PBXFileReference; fileEncoding = 4; lastKnownFileType = sourcecode.swift; path = Properties.swift; sourceTree = "<group>"; };
		2B61C8DB1F0A2BC100D9E7B9 /* Methodes.swift */ = {isa = PBXFileReference; fileEncoding = 4; lastKnownFileType = sourcecode.swift; path = Methodes.swift; sourceTree = "<group>"; };
		2B61C8DD1F0B266400D9E7B9 /* Subscripts.swift */ = {isa = PBXFileReference; fileEncoding = 4; lastKnownFileType = sourcecode.swift; path = Subscripts.swift; sourceTree = "<group>"; };
		2B61C8DF1F0B279D00D9E7B9 /* Inheritances.swift */ = {isa = PBXFileReference; fileEncoding = 4; lastKnownFileType = sourcecode.swift; path = Inheritances.swift; sourceTree = "<group>"; };
		2B61C8E11F0B313D00D9E7B9 /* Inits.swift */ = {isa = PBXFileReference; fileEncoding = 4; lastKnownFileType = sourcecode.swift; path = Inits.swift; sourceTree = "<group>"; };
		2B6BD59D1F0B436D002FC2B3 /* DeInits.swift */ = {isa = PBXFileReference; fileEncoding = 4; lastKnownFileType = sourcecode.swift; path = DeInits.swift; sourceTree = "<group>"; };
		2B6BD5A41F0B7BBD002FC2B3 /* VFL.swift */ = {isa = PBXFileReference; fileEncoding = 4; lastKnownFileType = sourcecode.swift; path = VFL.swift; sourceTree = "<group>"; };
		2B8DBB711F0CF26B008E3A87 /* SwifterSwift.swift */ = {isa = PBXFileReference; fileEncoding = 4; lastKnownFileType = sourcecode.swift; path = SwifterSwift.swift; sourceTree = "<group>"; };
		2B8DBB731F0CF279008E3A87 /* DynamicColor.swift */ = {isa = PBXFileReference; fileEncoding = 4; lastKnownFileType = sourcecode.swift; path = DynamicColor.swift; sourceTree = "<group>"; };
		2B8DBB751F0CF284008E3A87 /* PKHUD.swift */ = {isa = PBXFileReference; fileEncoding = 4; lastKnownFileType = sourcecode.swift; path = PKHUD.swift; sourceTree = "<group>"; };
		2B8DBB771F0CF28D008E3A87 /* Kanna.swift */ = {isa = PBXFileReference; fileEncoding = 4; lastKnownFileType = sourcecode.swift; path = Kanna.swift; sourceTree = "<group>"; };
		2B8DBB791F0CF297008E3A87 /* PermissionScope.swift */ = {isa = PBXFileReference; fileEncoding = 4; lastKnownFileType = sourcecode.swift; path = PermissionScope.swift; sourceTree = "<group>"; };
		2B8DBB7B1F0E0745008E3A87 /* Embed.swift */ = {isa = PBXFileReference; fileEncoding = 4; lastKnownFileType = sourcecode.swift; path = Embed.swift; sourceTree = "<group>"; };
		2B8DBB7D1F0E0C3F008E3A87 /* Extensions.swift */ = {isa = PBXFileReference; fileEncoding = 4; lastKnownFileType = sourcecode.swift; path = Extensions.swift; sourceTree = "<group>"; };
		2B8DBB7F1F0E0E17008E3A87 /* Protocols.swift */ = {isa = PBXFileReference; fileEncoding = 4; lastKnownFileType = sourcecode.swift; path = Protocols.swift; sourceTree = "<group>"; };
		2B8DBB811F0E1DE7008E3A87 /* Templates.swift */ = {isa = PBXFileReference; fileEncoding = 4; lastKnownFileType = sourcecode.swift; path = Templates.swift; sourceTree = "<group>"; };
		2B8DBB831F0E21BE008E3A87 /* AccessControl.swift */ = {isa = PBXFileReference; fileEncoding = 4; lastKnownFileType = sourcecode.swift; path = AccessControl.swift; sourceTree = "<group>"; };
		2B8DBB861F0E2A7E008E3A87 /* ModuleSystemOfSwift.swift */ = {isa = PBXFileReference; fileEncoding = 4; lastKnownFileType = sourcecode.swift; path = ModuleSystemOfSwift.swift; sourceTree = "<group>"; };
		2B8DBB891F0E386C008E3A87 /* ObjectOrientProtocol.swift */ = {isa = PBXFileReference; fileEncoding = 4; lastKnownFileType = sourcecode.swift; path = ObjectOrientProtocol.swift; sourceTree = "<group>"; };
		2B8DBB8B1F0E3BA4008E3A87 /* AnotherViewController.swift */ = {isa = PBXFileReference; fileEncoding = 4; lastKnownFileType = sourcecode.swift; path = AnotherViewController.swift; sourceTree = "<group>"; };
		2B8DBB8D1F0E41CA008E3A87 /* OOPOnevCatDemo.swift */ = {isa = PBXFileReference; fileEncoding = 4; lastKnownFileType = sourcecode.swift; path = OOPOnevCatDemo.swift; sourceTree = "<group>"; };
		2B8DBB8F1F0F2EB3008E3A87 /* SnapKit.swift */ = {isa = PBXFileReference; fileEncoding = 4; lastKnownFileType = sourcecode.swift; path = SnapKit.swift; sourceTree = "<group>"; };
		2BAA30A01F064D2F007E1AFC /* Enums.swift */ = {isa = PBXFileReference; fileEncoding = 4; lastKnownFileType = sourcecode.swift; path = Enums.swift; sourceTree = "<group>"; };
		2BAA30A21F09C8E2007E1AFC /* Characters.swift */ = {isa = PBXFileReference; fileEncoding = 4; lastKnownFileType = sourcecode.swift; path = Characters.swift; sourceTree = "<group>"; };
		2BAA30A41F09C8E8007E1AFC /* Arrays.swift */ = {isa = PBXFileReference; fileEncoding = 4; lastKnownFileType = sourcecode.swift; path = Arrays.swift; sourceTree = "<group>"; };
		2BAA30A61F09C8ED007E1AFC /* Controls.swift */ = {isa = PBXFileReference; fileEncoding = 4; lastKnownFileType = sourcecode.swift; path = Controls.swift; sourceTree = "<group>"; };
		2BAA30A81F09C8F3007E1AFC /* Funcs.swift */ = {isa = PBXFileReference; fileEncoding = 4; lastKnownFileType = sourcecode.swift; path = Funcs.swift; sourceTree = "<group>"; };
		2BAA30AA1F09C8F7007E1AFC /* Closures.swift */ = {isa = PBXFileReference; fileEncoding = 4; lastKnownFileType = sourcecode.swift; path = Closures.swift; sourceTree = "<group>"; };
		2BC4AEEF1F09F163004FF963 /* FunctionalProgramming.swift */ = {isa = PBXFileReference; fileEncoding = 4; lastKnownFileType = sourcecode.swift; path = FunctionalProgramming.swift; sourceTree = "<group>"; };
		702792AA513E5BACB5995404 /* Pods-defaults-XYSwiftExercisePro.debug.xcconfig */ = {isa = PBXFileReference; includeInIndex = 1; lastKnownFileType = text.xcconfig; name = "Pods-defaults-XYSwiftExercisePro.debug.xcconfig"; path = "Pods/Target Support Files/Pods-defaults-XYSwiftExercisePro/Pods-defaults-XYSwiftExercisePro.debug.xcconfig"; sourceTree = "<group>"; };
		8883A113E98CE2CAA3D43177 /* Pods_defaults_XYSwiftExercisePro.framework */ = {isa = PBXFileReference; explicitFileType = wrapper.framework; includeInIndex = 0; path = Pods_defaults_XYSwiftExercisePro.framework; sourceTree = BUILT_PRODUCTS_DIR; };
		AD04666A1F0911C300BF4B93 /* ProtocolOrientedProgramming.swift */ = {isa = PBXFileReference; fileEncoding = 4; lastKnownFileType = sourcecode.swift; path = ProtocolOrientedProgramming.swift; sourceTree = "<group>"; };
		ADB2F71B1F0DC6D500E72729 /* Arc.swift */ = {isa = PBXFileReference; fileEncoding = 4; lastKnownFileType = sourcecode.swift; path = Arc.swift; sourceTree = "<group>"; };
		ADB2F71D1F0DD72F00E72729 /* OptionLink.swift */ = {isa = PBXFileReference; fileEncoding = 4; lastKnownFileType = sourcecode.swift; path = OptionLink.swift; sourceTree = "<group>"; };
		ADB2F71F1F0DDB7400E72729 /* Errors.swift */ = {isa = PBXFileReference; fileEncoding = 4; lastKnownFileType = sourcecode.swift; path = Errors.swift; sourceTree = "<group>"; };
		ADB2F7211F0DE97200E72729 /* TypeConvert.swift */ = {isa = PBXFileReference; fileEncoding = 4; lastKnownFileType = sourcecode.swift; path = TypeConvert.swift; sourceTree = "<group>"; };
/* End PBXFileReference section */

/* Begin PBXFrameworksBuildPhase section */
		2B4BFA441F05ED95008D9A99 /* Frameworks */ = {
			isa = PBXFrameworksBuildPhase;
			buildActionMask = 2147483647;
			files = (
				0AC098A70D83282B82D022CC /* Pods_defaults_XYSwiftExercisePro.framework in Frameworks */,
			);
			runOnlyForDeploymentPostprocessing = 0;
		};
		2B4BFA581F05ED95008D9A99 /* Frameworks */ = {
			isa = PBXFrameworksBuildPhase;
			buildActionMask = 2147483647;
			files = (
			);
			runOnlyForDeploymentPostprocessing = 0;
		};
		2B4BFA631F05ED95008D9A99 /* Frameworks */ = {
			isa = PBXFrameworksBuildPhase;
			buildActionMask = 2147483647;
			files = (
			);
			runOnlyForDeploymentPostprocessing = 0;
		};
/* End PBXFrameworksBuildPhase section */

/* Begin PBXGroup section */
		1CE7AC1951DEA80030F4DFCC /* Pods */ = {
			isa = PBXGroup;
			children = (
				702792AA513E5BACB5995404 /* Pods-defaults-XYSwiftExercisePro.debug.xcconfig */,
				09F6DDCDE45CBCC81D2894EC /* Pods-defaults-XYSwiftExercisePro.release.xcconfig */,
			);
			name = Pods;
			sourceTree = "<group>";
		};
		2B4BFA3E1F05ED95008D9A99 = {
			isa = PBXGroup;
			children = (
				2B4BFA491F05ED95008D9A99 /* XYSwiftExercisePro */,
				2B4BFA5E1F05ED95008D9A99 /* XYSwiftExerciseProTests */,
				2B4BFA691F05ED95008D9A99 /* XYSwiftExerciseProUITests */,
				2B4BFA481F05ED95008D9A99 /* Products */,
				1CE7AC1951DEA80030F4DFCC /* Pods */,
				43B8684B74E13B32AC14B8C1 /* Frameworks */,
			);
			sourceTree = "<group>";
		};
		2B4BFA481F05ED95008D9A99 /* Products */ = {
			isa = PBXGroup;
			children = (
				2B4BFA471F05ED95008D9A99 /* XYSwiftExercisePro.app */,
				2B4BFA5B1F05ED95008D9A99 /* XYSwiftExerciseProTests.xctest */,
				2B4BFA661F05ED95008D9A99 /* XYSwiftExerciseProUITests.xctest */,
			);
			name = Products;
			sourceTree = "<group>";
		};
		2B4BFA491F05ED95008D9A99 /* XYSwiftExercisePro */ = {
			isa = PBXGroup;
			children = (
				2B8DBB881F0E30F4008E3A87 /* OOP */,
				2B8DBB851F0E2A6C008E3A87 /* ModuleSystemOfSwift */,
				2B8DBB701F0CF246008E3A87 /* swiftLibrary */,
				2B6BD5A31F0B7BB2002FC2B3 /* VFL */,
				2B6BD59F1F0B6A37002FC2B3 /* SnapKit */,
				AD0466691F09117400BF4B93 /* FunctionsProgramming */,
				AD0466681F09116A00BF4B93 /* POP */,
				2B4BFA901F05EEAB008D9A99 /* 高级运算符 */,
				2B4BFA8F1F05EEA5008D9A99 /* 访问控制 */,
				2B4BFA8E1F05EE96008D9A99 /* 泛型 */,
				2B4BFA8D1F05EE92008D9A99 /* 协议 */,
				2B4BFA8C1F05EE8B008D9A99 /* 扩展 */,
				2B4BFA8B1F05EE83008D9A99 /* 嵌套类型 */,
				2B4BFA8A1F05EE7A008D9A99 /* 类型转换 */,
				2B4BFA891F05EE76008D9A99 /* 错误处理 */,
				2B4BFA881F05EE67008D9A99 /* 可选链 */,
				2B4BFA871F05EE61008D9A99 /* 自动引用计数 */,
				2B4BFA861F05EE4A008D9A99 /* 析构过程 */,
				2B4BFA851F05EE00008D9A99 /* 构造过程 */,
				2B4BFA841F05EDFB008D9A99 /* 继承 */,
				2B4BFA831F05EDF3008D9A99 /* 下标 */,
				2B4BFA821F05EDEF008D9A99 /* 方法 */,
				2B4BFA811F05EDEA008D9A99 /* 属性 */,
				2B4BFA801F05EDE4008D9A99 /* 类和结构体 */,
				2B4BFA7F1F05EDDF008D9A99 /* 枚举 */,
				2B4BFA7E1F05EDD9008D9A99 /* 闭包 */,
				2B4BFA7D1F05EDD3008D9A99 /* 函数 */,
				2B4BFA7C1F05EDCE008D9A99 /* 控制流 */,
				2B4BFA7B1F05EDC6008D9A99 /* 集合类型 */,
				2B4BFA7A1F05EDB3008D9A99 /* 字符串和字符 */,
				2B4BFA791F05EDAA008D9A99 /* 基础运算符 */,
				2B4BFA781F05EDA2008D9A99 /* 基础部分 */,
				2B4BFA4A1F05ED95008D9A99 /* AppDelegate.swift */,
				2B4BFA4C1F05ED95008D9A99 /* ViewController.swift */,
				2B8DBB8B1F0E3BA4008E3A87 /* AnotherViewController.swift */,
				2B4BFA4E1F05ED95008D9A99 /* Main.storyboard */,
				2B4BFA511F05ED95008D9A99 /* Assets.xcassets */,
				2B4BFA531F05ED95008D9A99 /* LaunchScreen.storyboard */,
				2B4BFA561F05ED95008D9A99 /* Info.plist */,
			);
			path = XYSwiftExercisePro;
			sourceTree = "<group>";
		};
		2B4BFA5E1F05ED95008D9A99 /* XYSwiftExerciseProTests */ = {
			isa = PBXGroup;
			children = (
				2B4BFA5F1F05ED95008D9A99 /* XYSwiftExerciseProTests.swift */,
				2B4BFA611F05ED95008D9A99 /* Info.plist */,
			);
			path = XYSwiftExerciseProTests;
			sourceTree = "<group>";
		};
		2B4BFA691F05ED95008D9A99 /* XYSwiftExerciseProUITests */ = {
			isa = PBXGroup;
			children = (
				2B4BFA6A1F05ED95008D9A99 /* XYSwiftExerciseProUITests.swift */,
				2B4BFA6C1F05ED95008D9A99 /* Info.plist */,
			);
			path = XYSwiftExerciseProUITests;
			sourceTree = "<group>";
		};
		2B4BFA781F05EDA2008D9A99 /* 基础部分 */ = {
			isa = PBXGroup;
			children = (
				2B4BFA911F05EF4A008D9A99 /* Basic.swift */,
			);
			name = "基础部分";
			sourceTree = "<group>";
		};
		2B4BFA791F05EDAA008D9A99 /* 基础运算符 */ = {
			isa = PBXGroup;
			children = (
				2B4BFA931F05FD36008D9A99 /* BasicOperator.swift */,
			);
			name = "基础运算符";
			sourceTree = "<group>";
		};
		2B4BFA7A1F05EDB3008D9A99 /* 字符串和字符 */ = {
			isa = PBXGroup;
			children = (
				2BAA30A21F09C8E2007E1AFC /* Characters.swift */,
			);
			name = "字符串和字符";
			sourceTree = "<group>";
		};
		2B4BFA7B1F05EDC6008D9A99 /* 集合类型 */ = {
			isa = PBXGroup;
			children = (
				2BAA30A41F09C8E8007E1AFC /* Arrays.swift */,
			);
			name = "集合类型";
			sourceTree = "<group>";
		};
		2B4BFA7C1F05EDCE008D9A99 /* 控制流 */ = {
			isa = PBXGroup;
			children = (
				2BAA30A61F09C8ED007E1AFC /* Controls.swift */,
			);
			name = "控制流";
			sourceTree = "<group>";
		};
		2B4BFA7D1F05EDD3008D9A99 /* 函数 */ = {
			isa = PBXGroup;
			children = (
				2BAA30A81F09C8F3007E1AFC /* Funcs.swift */,
			);
			name = "函数";
			sourceTree = "<group>";
		};
		2B4BFA7E1F05EDD9008D9A99 /* 闭包 */ = {
			isa = PBXGroup;
			children = (
				2BAA30AA1F09C8F7007E1AFC /* Closures.swift */,
			);
			name = "闭包";
			sourceTree = "<group>";
		};
		2B4BFA7F1F05EDDF008D9A99 /* 枚举 */ = {
			isa = PBXGroup;
			children = (
				2BAA30A01F064D2F007E1AFC /* Enums.swift */,
			);
			name = "枚举";
			sourceTree = "<group>";
		};
		2B4BFA801F05EDE4008D9A99 /* 类和结构体 */ = {
			isa = PBXGroup;
			children = (
				2B61C8D71F0A180E00D9E7B9 /* Classes.swift */,
			);
			name = "类和结构体";
			sourceTree = "<group>";
		};
		2B4BFA811F05EDEA008D9A99 /* 属性 */ = {
			isa = PBXGroup;
			children = (
				2B61C8D91F0A1BFB00D9E7B9 /* Properties.swift */,
			);
			name = "属性";
			sourceTree = "<group>";
		};
		2B4BFA821F05EDEF008D9A99 /* 方法 */ = {
			isa = PBXGroup;
			children = (
				2B61C8DB1F0A2BC100D9E7B9 /* Methodes.swift */,
			);
			name = "方法";
			sourceTree = "<group>";
		};
		2B4BFA831F05EDF3008D9A99 /* 下标 */ = {
			isa = PBXGroup;
			children = (
				2B61C8DD1F0B266400D9E7B9 /* Subscripts.swift */,
			);
			name = "下标";
			sourceTree = "<group>";
		};
		2B4BFA841F05EDFB008D9A99 /* 继承 */ = {
			isa = PBXGroup;
			children = (
				2B61C8DF1F0B279D00D9E7B9 /* Inheritances.swift */,
			);
			name = "继承";
			sourceTree = "<group>";
		};
		2B4BFA851F05EE00008D9A99 /* 构造过程 */ = {
			isa = PBXGroup;
			children = (
				2B61C8E11F0B313D00D9E7B9 /* Inits.swift */,
			);
			name = "构造过程";
			sourceTree = "<group>";
		};
		2B4BFA861F05EE4A008D9A99 /* 析构过程 */ = {
			isa = PBXGroup;
			children = (
				2B6BD59D1F0B436D002FC2B3 /* DeInits.swift */,
			);
			name = "析构过程";
			sourceTree = "<group>";
		};
		2B4BFA871F05EE61008D9A99 /* 自动引用计数 */ = {
			isa = PBXGroup;
			children = (
				ADB2F71B1F0DC6D500E72729 /* Arc.swift */,
			);
			name = "自动引用计数";
			sourceTree = "<group>";
		};
		2B4BFA881F05EE67008D9A99 /* 可选链 */ = {
			isa = PBXGroup;
			children = (
				ADB2F71D1F0DD72F00E72729 /* OptionLink.swift */,
			);
			name = "可选链";
			sourceTree = "<group>";
		};
		2B4BFA891F05EE76008D9A99 /* 错误处理 */ = {
			isa = PBXGroup;
			children = (
				ADB2F71F1F0DDB7400E72729 /* Errors.swift */,
			);
			name = "错误处理";
			sourceTree = "<group>";
		};
		2B4BFA8A1F05EE7A008D9A99 /* 类型转换 */ = {
			isa = PBXGroup;
			children = (
				ADB2F7211F0DE97200E72729 /* TypeConvert.swift */,
			);
			name = "类型转换";
			sourceTree = "<group>";
		};
		2B4BFA8B1F05EE83008D9A99 /* 嵌套类型 */ = {
			isa = PBXGroup;
			children = (
				2B8DBB7B1F0E0745008E3A87 /* Embed.swift */,
			);
			name = "嵌套类型";
			sourceTree = "<group>";
		};
		2B4BFA8C1F05EE8B008D9A99 /* 扩展 */ = {
			isa = PBXGroup;
			children = (
				2B8DBB7D1F0E0C3F008E3A87 /* Extensions.swift */,
			);
			name = "扩展";
			sourceTree = "<group>";
		};
		2B4BFA8D1F05EE92008D9A99 /* 协议 */ = {
			isa = PBXGroup;
			children = (
				2B8DBB7F1F0E0E17008E3A87 /* Protocols.swift */,
			);
			name = "协议";
			sourceTree = "<group>";
		};
		2B4BFA8E1F05EE96008D9A99 /* 泛型 */ = {
			isa = PBXGroup;
			children = (
				2B8DBB811F0E1DE7008E3A87 /* Templates.swift */,
			);
			name = "泛型";
			sourceTree = "<group>";
		};
		2B4BFA8F1F05EEA5008D9A99 /* 访问控制 */ = {
			isa = PBXGroup;
			children = (
				2B8DBB831F0E21BE008E3A87 /* AccessControl.swift */,
			);
			name = "访问控制";
			sourceTree = "<group>";
		};
		2B4BFA901F05EEAB008D9A99 /* 高级运算符 */ = {
			isa = PBXGroup;
			children = (
			);
			name = "高级运算符";
			sourceTree = "<group>";
		};
		2B6BD59F1F0B6A37002FC2B3 /* SnapKit */ = {
			isa = PBXGroup;
			children = (
				2B8DBB8F1F0F2EB3008E3A87 /* SnapKit.swift */,
			);
			name = SnapKit;
			sourceTree = "<group>";
		};
		2B6BD5A31F0B7BB2002FC2B3 /* VFL */ = {
			isa = PBXGroup;
			children = (
				2B6BD5A41F0B7BBD002FC2B3 /* VFL.swift */,
			);
			name = VFL;
			sourceTree = "<group>";
		};
		2B8DBB701F0CF246008E3A87 /* swiftLibrary */ = {
			isa = PBXGroup;
			children = (
				2B8DBB711F0CF26B008E3A87 /* SwifterSwift.swift */,
				2B8DBB731F0CF279008E3A87 /* DynamicColor.swift */,
				2B8DBB751F0CF284008E3A87 /* PKHUD.swift */,
				2B8DBB771F0CF28D008E3A87 /* Kanna.swift */,
				2B8DBB791F0CF297008E3A87 /* PermissionScope.swift */,
			);
			name = swiftLibrary;
			sourceTree = "<group>";
		};
		2B8DBB851F0E2A6C008E3A87 /* ModuleSystemOfSwift */ = {
			isa = PBXGroup;
			children = (
				2B8DBB861F0E2A7E008E3A87 /* ModuleSystemOfSwift.swift */,
			);
			name = ModuleSystemOfSwift;
			sourceTree = "<group>";
		};
		2B8DBB881F0E30F4008E3A87 /* OOP */ = {
			isa = PBXGroup;
			children = (
				2B8DBB891F0E386C008E3A87 /* ObjectOrientProtocol.swift */,
			);
			name = OOP;
			sourceTree = "<group>";
		};
		43B8684B74E13B32AC14B8C1 /* Frameworks */ = {
			isa = PBXGroup;
			children = (
				8883A113E98CE2CAA3D43177 /* Pods_defaults_XYSwiftExercisePro.framework */,
			);
			name = Frameworks;
			sourceTree = "<group>";
		};
		AD0466681F09116A00BF4B93 /* POP */ = {
			isa = PBXGroup;
			children = (
				2B8DBB8D1F0E41CA008E3A87 /* OOPOnevCatDemo.swift */,
				AD04666A1F0911C300BF4B93 /* ProtocolOrientedProgramming.swift */,
			);
			name = POP;
			sourceTree = "<group>";
		};
		AD0466691F09117400BF4B93 /* FunctionsProgramming */ = {
			isa = PBXGroup;
			children = (
				2BC4AEEF1F09F163004FF963 /* FunctionalProgramming.swift */,
			);
			name = FunctionsProgramming;
			sourceTree = "<group>";
		};
/* End PBXGroup section */

/* Begin PBXNativeTarget section */
		2B4BFA461F05ED95008D9A99 /* XYSwiftExercisePro */ = {
			isa = PBXNativeTarget;
			buildConfigurationList = 2B4BFA6F1F05ED95008D9A99 /* Build configuration list for PBXNativeTarget "XYSwiftExercisePro" */;
			buildPhases = (
				864247714A5619039CB3A9C4 /* [CP] Check Pods Manifest.lock */,
				2B4BFA431F05ED95008D9A99 /* Sources */,
				2B4BFA441F05ED95008D9A99 /* Frameworks */,
				2B4BFA451F05ED95008D9A99 /* Resources */,
				0CBAB26BC9274DB6B24423FD /* [CP] Embed Pods Frameworks */,
				4D4D6B9B7C33B05155A90759 /* [CP] Copy Pods Resources */,
			);
			buildRules = (
			);
			dependencies = (
			);
			name = XYSwiftExercisePro;
			productName = XYSwiftExercisePro;
			productReference = 2B4BFA471F05ED95008D9A99 /* XYSwiftExercisePro.app */;
			productType = "com.apple.product-type.application";
		};
		2B4BFA5A1F05ED95008D9A99 /* XYSwiftExerciseProTests */ = {
			isa = PBXNativeTarget;
			buildConfigurationList = 2B4BFA721F05ED95008D9A99 /* Build configuration list for PBXNativeTarget "XYSwiftExerciseProTests" */;
			buildPhases = (
				2B4BFA571F05ED95008D9A99 /* Sources */,
				2B4BFA581F05ED95008D9A99 /* Frameworks */,
				2B4BFA591F05ED95008D9A99 /* Resources */,
			);
			buildRules = (
			);
			dependencies = (
				2B4BFA5D1F05ED95008D9A99 /* PBXTargetDependency */,
			);
			name = XYSwiftExerciseProTests;
			productName = XYSwiftExerciseProTests;
			productReference = 2B4BFA5B1F05ED95008D9A99 /* XYSwiftExerciseProTests.xctest */;
			productType = "com.apple.product-type.bundle.unit-test";
		};
		2B4BFA651F05ED95008D9A99 /* XYSwiftExerciseProUITests */ = {
			isa = PBXNativeTarget;
			buildConfigurationList = 2B4BFA751F05ED95008D9A99 /* Build configuration list for PBXNativeTarget "XYSwiftExerciseProUITests" */;
			buildPhases = (
				2B4BFA621F05ED95008D9A99 /* Sources */,
				2B4BFA631F05ED95008D9A99 /* Frameworks */,
				2B4BFA641F05ED95008D9A99 /* Resources */,
			);
			buildRules = (
			);
			dependencies = (
				2B4BFA681F05ED95008D9A99 /* PBXTargetDependency */,
			);
			name = XYSwiftExerciseProUITests;
			productName = XYSwiftExerciseProUITests;
			productReference = 2B4BFA661F05ED95008D9A99 /* XYSwiftExerciseProUITests.xctest */;
			productType = "com.apple.product-type.bundle.ui-testing";
		};
/* End PBXNativeTarget section */

/* Begin PBXProject section */
		2B4BFA3F1F05ED95008D9A99 /* Project object */ = {
			isa = PBXProject;
			attributes = {
				LastSwiftUpdateCheck = 0830;
				LastUpgradeCheck = 0830;
				ORGANIZATIONNAME = tdw;
				TargetAttributes = {
					2B4BFA461F05ED95008D9A99 = {
						CreatedOnToolsVersion = 8.3.3;
						ProvisioningStyle = Automatic;
					};
					2B4BFA5A1F05ED95008D9A99 = {
						CreatedOnToolsVersion = 8.3.3;
						ProvisioningStyle = Automatic;
						TestTargetID = 2B4BFA461F05ED95008D9A99;
					};
					2B4BFA651F05ED95008D9A99 = {
						CreatedOnToolsVersion = 8.3.3;
						ProvisioningStyle = Automatic;
						TestTargetID = 2B4BFA461F05ED95008D9A99;
					};
				};
			};
			buildConfigurationList = 2B4BFA421F05ED95008D9A99 /* Build configuration list for PBXProject "XYSwiftExercisePro" */;
			compatibilityVersion = "Xcode 3.2";
			developmentRegion = English;
			hasScannedForEncodings = 0;
			knownRegions = (
				en,
				Base,
			);
			mainGroup = 2B4BFA3E1F05ED95008D9A99;
			productRefGroup = 2B4BFA481F05ED95008D9A99 /* Products */;
			projectDirPath = "";
			projectRoot = "";
			targets = (
				2B4BFA461F05ED95008D9A99 /* XYSwiftExercisePro */,
				2B4BFA5A1F05ED95008D9A99 /* XYSwiftExerciseProTests */,
				2B4BFA651F05ED95008D9A99 /* XYSwiftExerciseProUITests */,
			);
		};
/* End PBXProject section */

/* Begin PBXResourcesBuildPhase section */
		2B4BFA451F05ED95008D9A99 /* Resources */ = {
			isa = PBXResourcesBuildPhase;
			buildActionMask = 2147483647;
			files = (
				2B4BFA551F05ED95008D9A99 /* LaunchScreen.storyboard in Resources */,
				2B4BFA521F05ED95008D9A99 /* Assets.xcassets in Resources */,
				2B4BFA501F05ED95008D9A99 /* Main.storyboard in Resources */,
			);
			runOnlyForDeploymentPostprocessing = 0;
		};
		2B4BFA591F05ED95008D9A99 /* Resources */ = {
			isa = PBXResourcesBuildPhase;
			buildActionMask = 2147483647;
			files = (
			);
			runOnlyForDeploymentPostprocessing = 0;
		};
		2B4BFA641F05ED95008D9A99 /* Resources */ = {
			isa = PBXResourcesBuildPhase;
			buildActionMask = 2147483647;
			files = (
			);
			runOnlyForDeploymentPostprocessing = 0;
		};
/* End PBXResourcesBuildPhase section */

/* Begin PBXShellScriptBuildPhase section */
		0CBAB26BC9274DB6B24423FD /* [CP] Embed Pods Frameworks */ = {
			isa = PBXShellScriptBuildPhase;
			buildActionMask = 2147483647;
			files = (
			);
			inputPaths = (
			);
			name = "[CP] Embed Pods Frameworks";
			outputPaths = (
			);
			runOnlyForDeploymentPostprocessing = 0;
			shellPath = /bin/sh;
			shellScript = "\"${SRCROOT}/Pods/Target Support Files/Pods-defaults-XYSwiftExercisePro/Pods-defaults-XYSwiftExercisePro-frameworks.sh\"\n";
			showEnvVarsInLog = 0;
		};
		4D4D6B9B7C33B05155A90759 /* [CP] Copy Pods Resources */ = {
			isa = PBXShellScriptBuildPhase;
			buildActionMask = 2147483647;
			files = (
			);
			inputPaths = (
			);
			name = "[CP] Copy Pods Resources";
			outputPaths = (
			);
			runOnlyForDeploymentPostprocessing = 0;
			shellPath = /bin/sh;
			shellScript = "\"${SRCROOT}/Pods/Target Support Files/Pods-defaults-XYSwiftExercisePro/Pods-defaults-XYSwiftExercisePro-resources.sh\"\n";
			showEnvVarsInLog = 0;
		};
		864247714A5619039CB3A9C4 /* [CP] Check Pods Manifest.lock */ = {
			isa = PBXShellScriptBuildPhase;
			buildActionMask = 2147483647;
			files = (
			);
			inputPaths = (
			);
			name = "[CP] Check Pods Manifest.lock";
			outputPaths = (
			);
			runOnlyForDeploymentPostprocessing = 0;
			shellPath = /bin/sh;
			shellScript = "diff \"${PODS_PODFILE_DIR_PATH}/Podfile.lock\" \"${PODS_ROOT}/Manifest.lock\" > /dev/null\nif [ $? != 0 ] ; then\n    # print error to STDERR\n    echo \"error: The sandbox is not in sync with the Podfile.lock. Run 'pod install' or update your CocoaPods installation.\" >&2\n    exit 1\nfi\n";
			showEnvVarsInLog = 0;
		};
/* End PBXShellScriptBuildPhase section */

/* Begin PBXSourcesBuildPhase section */
		2B4BFA431F05ED95008D9A99 /* Sources */ = {
			isa = PBXSourcesBuildPhase;
			buildActionMask = 2147483647;
			files = (
				2B4BFA941F05FD36008D9A99 /* BasicOperator.swift in Sources */,
				2BAA30A51F09C8E8007E1AFC /* Arrays.swift in Sources */,
				2B8DBB821F0E1DE7008E3A87 /* Templates.swift in Sources */,
				2B8DBB7A1F0CF297008E3A87 /* PermissionScope.swift in Sources */,
				2BAA30A31F09C8E2007E1AFC /* Characters.swift in Sources */,
				ADB2F71C1F0DC6D500E72729 /* Arc.swift in Sources */,
				2B61C8E21F0B313D00D9E7B9 /* Inits.swift in Sources */,
				2B61C8D81F0A180E00D9E7B9 /* Classes.swift in Sources */,
				2BAA30A11F064D2F007E1AFC /* Enums.swift in Sources */,
				2BC4AEF01F09F163004FF963 /* FunctionalProgramming.swift in Sources */,
				2B61C8DA1F0A1BFB00D9E7B9 /* Properties.swift in Sources */,
				2BAA30A71F09C8ED007E1AFC /* Controls.swift in Sources */,
				2B4BFA4D1F05ED95008D9A99 /* ViewController.swift in Sources */,
				2B8DBB721F0CF26B008E3A87 /* SwifterSwift.swift in Sources */,
				2B61C8DC1F0A2BC100D9E7B9 /* Methodes.swift in Sources */,
				AD04666B1F0911C300BF4B93 /* ProtocolOrientedProgramming.swift in Sources */,
				2B8DBB871F0E2A7E008E3A87 /* ModuleSystemOfSwift.swift in Sources */,
				2B8DBB801F0E0E17008E3A87 /* Protocols.swift in Sources */,
				2B6BD5A51F0B7BBD002FC2B3 /* VFL.swift in Sources */,
				2B8DBB8A1F0E386C008E3A87 /* ObjectOrientProtocol.swift in Sources */,
				2B8DBB761F0CF284008E3A87 /* PKHUD.swift in Sources */,
				2B4BFA4B1F05ED95008D9A99 /* AppDelegate.swift in Sources */,
				2B4BFA921F05EF4A008D9A99 /* Basic.swift in Sources */,
				2B8DBB7E1F0E0C3F008E3A87 /* Extensions.swift in Sources */,
				2B61C8DE1F0B266400D9E7B9 /* Subscripts.swift in Sources */,
				ADB2F7201F0DDB7400E72729 /* Errors.swift in Sources */,
				ADB2F71E1F0DD72F00E72729 /* OptionLink.swift in Sources */,
				2B6BD59E1F0B436D002FC2B3 /* DeInits.swift in Sources */,
				2B8DBB901F0F2EB3008E3A87 /* SnapKit.swift in Sources */,
				2B8DBB8E1F0E41CA008E3A87 /* OOPOnevCatDemo.swift in Sources */,
				2BAA30A91F09C8F3007E1AFC /* Funcs.swift in Sources */,
				2B8DBB7C1F0E0745008E3A87 /* Embed.swift in Sources */,
				2B8DBB741F0CF279008E3A87 /* DynamicColor.swift in Sources */,
				2B8DBB8C1F0E3BA4008E3A87 /* AnotherViewController.swift in Sources */,
				2B8DBB841F0E21BE008E3A87 /* AccessControl.swift in Sources */,
				2B61C8E01F0B279D00D9E7B9 /* Inheritances.swift in Sources */,
				2BAA30AB1F09C8F7007E1AFC /* Closures.swift in Sources */,
				ADB2F7221F0DE97200E72729 /* TypeConvert.swift in Sources */,
				2B8DBB781F0CF28D008E3A87 /* Kanna.swift in Sources */,
			);
			runOnlyForDeploymentPostprocessing = 0;
		};
		2B4BFA571F05ED95008D9A99 /* Sources */ = {
			isa = PBXSourcesBuildPhase;
			buildActionMask = 2147483647;
			files = (
				2B4BFA601F05ED95008D9A99 /* XYSwiftExerciseProTests.swift in Sources */,
			);
			runOnlyForDeploymentPostprocessing = 0;
		};
		2B4BFA621F05ED95008D9A99 /* Sources */ = {
			isa = PBXSourcesBuildPhase;
			buildActionMask = 2147483647;
			files = (
				2B4BFA6B1F05ED95008D9A99 /* XYSwiftExerciseProUITests.swift in Sources */,
			);
			runOnlyForDeploymentPostprocessing = 0;
		};
/* End PBXSourcesBuildPhase section */

/* Begin PBXTargetDependency section */
		2B4BFA5D1F05ED95008D9A99 /* PBXTargetDependency */ = {
			isa = PBXTargetDependency;
			target = 2B4BFA461F05ED95008D9A99 /* XYSwiftExercisePro */;
			targetProxy = 2B4BFA5C1F05ED95008D9A99 /* PBXContainerItemProxy */;
		};
		2B4BFA681F05ED95008D9A99 /* PBXTargetDependency */ = {
			isa = PBXTargetDependency;
			target = 2B4BFA461F05ED95008D9A99 /* XYSwiftExercisePro */;
			targetProxy = 2B4BFA671F05ED95008D9A99 /* PBXContainerItemProxy */;
		};
/* End PBXTargetDependency section */

/* Begin PBXVariantGroup section */
		2B4BFA4E1F05ED95008D9A99 /* Main.storyboard */ = {
			isa = PBXVariantGroup;
			children = (
				2B4BFA4F1F05ED95008D9A99 /* Base */,
			);
			name = Main.storyboard;
			sourceTree = "<group>";
		};
		2B4BFA531F05ED95008D9A99 /* LaunchScreen.storyboard */ = {
			isa = PBXVariantGroup;
			children = (
				2B4BFA541F05ED95008D9A99 /* Base */,
			);
			name = LaunchScreen.storyboard;
			sourceTree = "<group>";
		};
/* End PBXVariantGroup section */

/* Begin XCBuildConfiguration section */
		2B4BFA6D1F05ED95008D9A99 /* Debug */ = {
			isa = XCBuildConfiguration;
			buildSettings = {
				ALWAYS_SEARCH_USER_PATHS = NO;
				CLANG_ANALYZER_NONNULL = YES;
				CLANG_ANALYZER_NUMBER_OBJECT_CONVERSION = YES_AGGRESSIVE;
				CLANG_CXX_LANGUAGE_STANDARD = "gnu++0x";
				CLANG_CXX_LIBRARY = "libc++";
				CLANG_ENABLE_MODULES = YES;
				CLANG_ENABLE_OBJC_ARC = YES;
				CLANG_WARN_BOOL_CONVERSION = YES;
				CLANG_WARN_CONSTANT_CONVERSION = YES;
				CLANG_WARN_DIRECT_OBJC_ISA_USAGE = YES_ERROR;
				CLANG_WARN_DOCUMENTATION_COMMENTS = YES;
				CLANG_WARN_EMPTY_BODY = YES;
				CLANG_WARN_ENUM_CONVERSION = YES;
				CLANG_WARN_INFINITE_RECURSION = YES;
				CLANG_WARN_INT_CONVERSION = YES;
				CLANG_WARN_OBJC_ROOT_CLASS = YES_ERROR;
				CLANG_WARN_SUSPICIOUS_MOVE = YES;
				CLANG_WARN_UNREACHABLE_CODE = YES;
				CLANG_WARN__DUPLICATE_METHOD_MATCH = YES;
				"CODE_SIGN_IDENTITY[sdk=iphoneos*]" = "iPhone Developer";
				COPY_PHASE_STRIP = NO;
				DEBUG_INFORMATION_FORMAT = dwarf;
				ENABLE_STRICT_OBJC_MSGSEND = YES;
				ENABLE_TESTABILITY = YES;
				GCC_C_LANGUAGE_STANDARD = gnu99;
				GCC_DYNAMIC_NO_PIC = NO;
				GCC_NO_COMMON_BLOCKS = YES;
				GCC_OPTIMIZATION_LEVEL = 0;
				GCC_PREPROCESSOR_DEFINITIONS = (
					"DEBUG=1",
					"$(inherited)",
				);
				GCC_WARN_64_TO_32_BIT_CONVERSION = YES;
				GCC_WARN_ABOUT_RETURN_TYPE = YES_ERROR;
				GCC_WARN_UNDECLARED_SELECTOR = YES;
				GCC_WARN_UNINITIALIZED_AUTOS = YES_AGGRESSIVE;
				GCC_WARN_UNUSED_FUNCTION = YES;
				GCC_WARN_UNUSED_VARIABLE = YES;
				IPHONEOS_DEPLOYMENT_TARGET = 10.3;
				MTL_ENABLE_DEBUG_INFO = YES;
				ONLY_ACTIVE_ARCH = YES;
				SDKROOT = iphoneos;
				SWIFT_ACTIVE_COMPILATION_CONDITIONS = DEBUG;
				SWIFT_OPTIMIZATION_LEVEL = "-Onone";
				TARGETED_DEVICE_FAMILY = "1,2";
			};
			name = Debug;
		};
		2B4BFA6E1F05ED95008D9A99 /* Release */ = {
			isa = XCBuildConfiguration;
			buildSettings = {
				ALWAYS_SEARCH_USER_PATHS = NO;
				CLANG_ANALYZER_NONNULL = YES;
				CLANG_ANALYZER_NUMBER_OBJECT_CONVERSION = YES_AGGRESSIVE;
				CLANG_CXX_LANGUAGE_STANDARD = "gnu++0x";
				CLANG_CXX_LIBRARY = "libc++";
				CLANG_ENABLE_MODULES = YES;
				CLANG_ENABLE_OBJC_ARC = YES;
				CLANG_WARN_BOOL_CONVERSION = YES;
				CLANG_WARN_CONSTANT_CONVERSION = YES;
				CLANG_WARN_DIRECT_OBJC_ISA_USAGE = YES_ERROR;
				CLANG_WARN_DOCUMENTATION_COMMENTS = YES;
				CLANG_WARN_EMPTY_BODY = YES;
				CLANG_WARN_ENUM_CONVERSION = YES;
				CLANG_WARN_INFINITE_RECURSION = YES;
				CLANG_WARN_INT_CONVERSION = YES;
				CLANG_WARN_OBJC_ROOT_CLASS = YES_ERROR;
				CLANG_WARN_SUSPICIOUS_MOVE = YES;
				CLANG_WARN_UNREACHABLE_CODE = YES;
				CLANG_WARN__DUPLICATE_METHOD_MATCH = YES;
				"CODE_SIGN_IDENTITY[sdk=iphoneos*]" = "iPhone Developer";
				COPY_PHASE_STRIP = NO;
				DEBUG_INFORMATION_FORMAT = "dwarf-with-dsym";
				ENABLE_NS_ASSERTIONS = NO;
				ENABLE_STRICT_OBJC_MSGSEND = YES;
				GCC_C_LANGUAGE_STANDARD = gnu99;
				GCC_NO_COMMON_BLOCKS = YES;
				GCC_WARN_64_TO_32_BIT_CONVERSION = YES;
				GCC_WARN_ABOUT_RETURN_TYPE = YES_ERROR;
				GCC_WARN_UNDECLARED_SELECTOR = YES;
				GCC_WARN_UNINITIALIZED_AUTOS = YES_AGGRESSIVE;
				GCC_WARN_UNUSED_FUNCTION = YES;
				GCC_WARN_UNUSED_VARIABLE = YES;
				IPHONEOS_DEPLOYMENT_TARGET = 10.3;
				MTL_ENABLE_DEBUG_INFO = NO;
				SDKROOT = iphoneos;
				SWIFT_OPTIMIZATION_LEVEL = "-Owholemodule";
				TARGETED_DEVICE_FAMILY = "1,2";
				VALIDATE_PRODUCT = YES;
			};
			name = Release;
		};
		2B4BFA701F05ED95008D9A99 /* Debug */ = {
			isa = XCBuildConfiguration;
			baseConfigurationReference = 702792AA513E5BACB5995404 /* Pods-defaults-XYSwiftExercisePro.debug.xcconfig */;
			buildSettings = {
				ASSETCATALOG_COMPILER_APPICON_NAME = AppIcon;
				INFOPLIST_FILE = XYSwiftExercisePro/Info.plist;
				LD_RUNPATH_SEARCH_PATHS = "$(inherited) @executable_path/Frameworks";
				PRODUCT_BUNDLE_IDENTIFIER = com.xuyanci.exerciseSwift.XYSwiftExercisePro;
				PRODUCT_NAME = "$(TARGET_NAME)";
				SWIFT_VERSION = 3.0;
			};
			name = Debug;
		};
		2B4BFA711F05ED95008D9A99 /* Release */ = {
			isa = XCBuildConfiguration;
			baseConfigurationReference = 09F6DDCDE45CBCC81D2894EC /* Pods-defaults-XYSwiftExercisePro.release.xcconfig */;
			buildSettings = {
				ASSETCATALOG_COMPILER_APPICON_NAME = AppIcon;
				INFOPLIST_FILE = XYSwiftExercisePro/Info.plist;
				LD_RUNPATH_SEARCH_PATHS = "$(inherited) @executable_path/Frameworks";
				PRODUCT_BUNDLE_IDENTIFIER = com.xuyanci.exerciseSwift.XYSwiftExercisePro;
				PRODUCT_NAME = "$(TARGET_NAME)";
				SWIFT_VERSION = 3.0;
			};
			name = Release;
		};
		2B4BFA731F05ED95008D9A99 /* Debug */ = {
			isa = XCBuildConfiguration;
			buildSettings = {
				ALWAYS_EMBED_SWIFT_STANDARD_LIBRARIES = YES;
				BUNDLE_LOADER = "$(TEST_HOST)";
				INFOPLIST_FILE = XYSwiftExerciseProTests/Info.plist;
				LD_RUNPATH_SEARCH_PATHS = "$(inherited) @executable_path/Frameworks @loader_path/Frameworks";
				PRODUCT_BUNDLE_IDENTIFIER = com.xuyanci.exerciseSwift.XYSwiftExerciseProTests;
				PRODUCT_NAME = "$(TARGET_NAME)";
				SWIFT_VERSION = 3.0;
				TEST_HOST = "$(BUILT_PRODUCTS_DIR)/XYSwiftExercisePro.app/XYSwiftExercisePro";
			};
			name = Debug;
		};
		2B4BFA741F05ED95008D9A99 /* Release */ = {
			isa = XCBuildConfiguration;
			buildSettings = {
				ALWAYS_EMBED_SWIFT_STANDARD_LIBRARIES = YES;
				BUNDLE_LOADER = "$(TEST_HOST)";
				INFOPLIST_FILE = XYSwiftExerciseProTests/Info.plist;
				LD_RUNPATH_SEARCH_PATHS = "$(inherited) @executable_path/Frameworks @loader_path/Frameworks";
				PRODUCT_BUNDLE_IDENTIFIER = com.xuyanci.exerciseSwift.XYSwiftExerciseProTests;
				PRODUCT_NAME = "$(TARGET_NAME)";
				SWIFT_VERSION = 3.0;
				TEST_HOST = "$(BUILT_PRODUCTS_DIR)/XYSwiftExercisePro.app/XYSwiftExercisePro";
			};
			name = Release;
		};
		2B4BFA761F05ED95008D9A99 /* Debug */ = {
			isa = XCBuildConfiguration;
			buildSettings = {
				ALWAYS_EMBED_SWIFT_STANDARD_LIBRARIES = YES;
				INFOPLIST_FILE = XYSwiftExerciseProUITests/Info.plist;
				LD_RUNPATH_SEARCH_PATHS = "$(inherited) @executable_path/Frameworks @loader_path/Frameworks";
				PRODUCT_BUNDLE_IDENTIFIER = com.xuyanci.exerciseSwift.XYSwiftExerciseProUITests;
				PRODUCT_NAME = "$(TARGET_NAME)";
				SWIFT_VERSION = 3.0;
				TEST_TARGET_NAME = XYSwiftExercisePro;
			};
			name = Debug;
		};
		2B4BFA771F05ED95008D9A99 /* Release */ = {
			isa = XCBuildConfiguration;
			buildSettings = {
				ALWAYS_EMBED_SWIFT_STANDARD_LIBRARIES = YES;
				INFOPLIST_FILE = XYSwiftExerciseProUITests/Info.plist;
				LD_RUNPATH_SEARCH_PATHS = "$(inherited) @executable_path/Frameworks @loader_path/Frameworks";
				PRODUCT_BUNDLE_IDENTIFIER = com.xuyanci.exerciseSwift.XYSwiftExerciseProUITests;
				PRODUCT_NAME = "$(TARGET_NAME)";
				SWIFT_VERSION = 3.0;
				TEST_TARGET_NAME = XYSwiftExercisePro;
			};
			name = Release;
		};
/* End XCBuildConfiguration section */

/* Begin XCConfigurationList section */
		2B4BFA421F05ED95008D9A99 /* Build configuration list for PBXProject "XYSwiftExercisePro" */ = {
			isa = XCConfigurationList;
			buildConfigurations = (
				2B4BFA6D1F05ED95008D9A99 /* Debug */,
				2B4BFA6E1F05ED95008D9A99 /* Release */,
			);
			defaultConfigurationIsVisible = 0;
			defaultConfigurationName = Release;
		};
		2B4BFA6F1F05ED95008D9A99 /* Build configuration list for PBXNativeTarget "XYSwiftExercisePro" */ = {
			isa = XCConfigurationList;
			buildConfigurations = (
				2B4BFA701F05ED95008D9A99 /* Debug */,
				2B4BFA711F05ED95008D9A99 /* Release */,
			);
			defaultConfigurationIsVisible = 0;
			defaultConfigurationName = Release;
		};
		2B4BFA721F05ED95008D9A99 /* Build configuration list for PBXNativeTarget "XYSwiftExerciseProTests" */ = {
			isa = XCConfigurationList;
			buildConfigurations = (
				2B4BFA731F05ED95008D9A99 /* Debug */,
				2B4BFA741F05ED95008D9A99 /* Release */,
			);
			defaultConfigurationIsVisible = 0;
			defaultConfigurationName = Release;
		};
		2B4BFA751F05ED95008D9A99 /* Build configuration list for PBXNativeTarget "XYSwiftExerciseProUITests" */ = {
			isa = XCConfigurationList;
			buildConfigurations = (
				2B4BFA761F05ED95008D9A99 /* Debug */,
				2B4BFA771F05ED95008D9A99 /* Release */,
			);
			defaultConfigurationIsVisible = 0;
			defaultConfigurationName = Release;
		};
/* End XCConfigurationList section */
	};
	rootObject = 2B4BFA3F1F05ED95008D9A99 /* Project object */;
}
