PODS:
  - SnapKit (3.2.0)
  - SwifterSwift (1.6.4)

DEPENDENCIES:
  - SnapKit (~> 3.2.0)
  - SwifterSwift (~> 1.6.4)

SPEC CHECKSUMS:
  SnapKit: 1ca44df72cfa543218d177cb8aab029d10d86ea7
  SwifterSwift: 92c73c47c3cbf7d5f788adf6459bf07b5d23d3fb

PODFILE CHECKSUM: eb1a72e2cb5a8829122bfb045f148b445dc72dbc

COCOAPODS: 1.2.1
